// !$*UTF8*$!
{
	archiveVersion = 1;
	classes = {
	};
	objectVersion = 50;
	objects = {

/* Begin PBXBuildFile section */
		6F2E03F62150DB4700737B3C /* SRGContentProtectionConstants.m in Sources */ = {isa = PBXBuildFile; fileRef = 6F2E03F42150DB4700737B3C /* SRGContentProtectionConstants.m */; };
		6F2E03F72150DB4700737B3C /* SRGContentProtectionConstants.h in Headers */ = {isa = PBXBuildFile; fileRef = 6F2E03F52150DB4700737B3C /* SRGContentProtectionConstants.h */; settings = {ATTRIBUTES = (Public, ); }; };
		6FF3B67F2137CB0B00F8A5E2 /* SRGContentProtection.m in Sources */ = {isa = PBXBuildFile; fileRef = 6FF3B67D2137CB0A00F8A5E2 /* SRGContentProtection.m */; };
		6FF3B6802137CB0B00F8A5E2 /* SRGContentProtection.h in Headers */ = {isa = PBXBuildFile; fileRef = 6FF3B67E2137CB0A00F8A5E2 /* SRGContentProtection.h */; settings = {ATTRIBUTES = (Public, ); }; };
		6FF3B6862137CB3800F8A5E2 /* NSBundle+SRGContentProtection.m in Sources */ = {isa = PBXBuildFile; fileRef = 6FF3B6822137CB3800F8A5E2 /* NSBundle+SRGContentProtection.m */; };
		6FF3B6872137CB3800F8A5E2 /* AVURLAsset+SRGContentProtection.h in Headers */ = {isa = PBXBuildFile; fileRef = 6FF3B6832137CB3800F8A5E2 /* AVURLAsset+SRGContentProtection.h */; };
		6FF3B6882137CB3800F8A5E2 /* NSBundle+SRGContentProtection.h in Headers */ = {isa = PBXBuildFile; fileRef = 6FF3B6842137CB3800F8A5E2 /* NSBundle+SRGContentProtection.h */; };
		6FF3B6892137CB3800F8A5E2 /* AVURLAsset+SRGContentProtection.m in Sources */ = {isa = PBXBuildFile; fileRef = 6FF3B6852137CB3800F8A5E2 /* AVURLAsset+SRGContentProtection.m */; };
		6FF3B68C2137CD7500F8A5E2 /* SRGContentProtection.bundle in Resources */ = {isa = PBXBuildFile; fileRef = 6FF3B6752137C77300F8A5E2 /* SRGContentProtection.bundle */; };
/* End PBXBuildFile section */

/* Begin PBXContainerItemProxy section */
		6FF3B68A2137CD7200F8A5E2 /* PBXContainerItemProxy */ = {
			isa = PBXContainerItemProxy;
			containerPortal = 6F0EB52820FC7F58009C02CF /* Project object */;
			proxyType = 1;
			remoteGlobalIDString = 6FF3B6742137C77300F8A5E2;
			remoteInfo = "SRGContentProtection-resources";
		};
/* End PBXContainerItemProxy section */

/* Begin PBXFileReference section */
		6F00F7B42148DD4F0016E664 /* Info.plist */ = {isa = PBXFileReference; lastKnownFileType = text.plist.xml; path = Info.plist; sourceTree = "<group>"; };
		6F0EB53120FC7F58009C02CF /* SRGContentProtection.framework */ = {isa = PBXFileReference; explicitFileType = wrapper.framework; includeInIndex = 0; path = SRGContentProtection.framework; sourceTree = BUILT_PRODUCTS_DIR; };
		6F0EB53F20FC7FA9009C02CF /* Info.plist */ = {isa = PBXFileReference; fileEncoding = 4; lastKnownFileType = text.plist.xml; path = Info.plist; sourceTree = "<group>"; };
		6F2E03F42150DB4700737B3C /* SRGContentProtectionConstants.m */ = {isa = PBXFileReference; fileEncoding = 4; lastKnownFileType = sourcecode.c.objc; path = SRGContentProtectionConstants.m; sourceTree = "<group>"; };
		6F2E03F52150DB4700737B3C /* SRGContentProtectionConstants.h */ = {isa = PBXFileReference; fileEncoding = 4; lastKnownFileType = sourcecode.c.h; path = SRGContentProtectionConstants.h; sourceTree = "<group>"; };
		6FF3B6752137C77300F8A5E2 /* SRGContentProtection.bundle */ = {isa = PBXFileReference; explicitFileType = wrapper.cfbundle; includeInIndex = 0; path = SRGContentProtection.bundle; sourceTree = BUILT_PRODUCTS_DIR; };
		6FF3B67D2137CB0A00F8A5E2 /* SRGContentProtection.m */ = {isa = PBXFileReference; fileEncoding = 4; lastKnownFileType = sourcecode.c.objc; path = SRGContentProtection.m; sourceTree = "<group>"; };
		6FF3B67E2137CB0A00F8A5E2 /* SRGContentProtection.h */ = {isa = PBXFileReference; fileEncoding = 4; lastKnownFileType = sourcecode.c.h; path = SRGContentProtection.h; sourceTree = "<group>"; };
		6FF3B6822137CB3800F8A5E2 /* NSBundle+SRGContentProtection.m */ = {isa = PBXFileReference; fileEncoding = 4; lastKnownFileType = sourcecode.c.objc; path = "NSBundle+SRGContentProtection.m"; sourceTree = "<group>"; };
		6FF3B6832137CB3800F8A5E2 /* AVURLAsset+SRGContentProtection.h */ = {isa = PBXFileReference; fileEncoding = 4; lastKnownFileType = sourcecode.c.h; path = "AVURLAsset+SRGContentProtection.h"; sourceTree = "<group>"; };
		6FF3B6842137CB3800F8A5E2 /* NSBundle+SRGContentProtection.h */ = {isa = PBXFileReference; fileEncoding = 4; lastKnownFileType = sourcecode.c.h; path = "NSBundle+SRGContentProtection.h"; sourceTree = "<group>"; };
		6FF3B6852137CB3800F8A5E2 /* AVURLAsset+SRGContentProtection.m */ = {isa = PBXFileReference; fileEncoding = 4; lastKnownFileType = sourcecode.c.objc; path = "AVURLAsset+SRGContentProtection.m"; sourceTree = "<group>"; };
/* End PBXFileReference section */

/* Begin PBXFrameworksBuildPhase section */
		6F0EB52D20FC7F58009C02CF /* Frameworks */ = {
			isa = PBXFrameworksBuildPhase;
			buildActionMask = 2147483647;
			files = (
			);
			runOnlyForDeploymentPostprocessing = 0;
		};
		6FF3B6722137C77300F8A5E2 /* Frameworks */ = {
			isa = PBXFrameworksBuildPhase;
			buildActionMask = 2147483647;
			files = (
			);
			runOnlyForDeploymentPostprocessing = 0;
		};
/* End PBXFrameworksBuildPhase section */

/* Begin PBXGroup section */
		6F00F7B32148DD4F0016E664 /* Resources */ = {
			isa = PBXGroup;
			children = (
				6F00F7B42148DD4F0016E664 /* Info.plist */,
			);
			path = Resources;
			sourceTree = "<group>";
		};
		6F0EB52720FC7F58009C02CF = {
			isa = PBXGroup;
			children = (
				6F0EB53C20FC7FA9009C02CF /* Framework */,
				6F0EB53220FC7F58009C02CF /* Products */,
			);
			sourceTree = "<group>";
		};
		6F0EB53220FC7F58009C02CF /* Products */ = {
			isa = PBXGroup;
			children = (
				6F0EB53120FC7F58009C02CF /* SRGContentProtection.framework */,
				6FF3B6752137C77300F8A5E2 /* SRGContentProtection.bundle */,
			);
			name = Products;
			sourceTree = "<group>";
		};
		6F0EB53C20FC7FA9009C02CF /* Framework */ = {
			isa = PBXGroup;
			children = (
				6FF3B66C2137C66800F8A5E2 /* Sources */,
				6F00F7B32148DD4F0016E664 /* Resources */,
				6F0EB53F20FC7FA9009C02CF /* Info.plist */,
			);
			path = Framework;
			sourceTree = "<group>";
		};
		6FF3B66C2137C66800F8A5E2 /* Sources */ = {
			isa = PBXGroup;
			children = (
				6FF3B6812137CB3800F8A5E2 /* Categories */,
				6FF3B67E2137CB0A00F8A5E2 /* SRGContentProtection.h */,
				6FF3B67D2137CB0A00F8A5E2 /* SRGContentProtection.m */,
				6F2E03F52150DB4700737B3C /* SRGContentProtectionConstants.h */,
				6F2E03F42150DB4700737B3C /* SRGContentProtectionConstants.m */,
			);
			path = Sources;
			sourceTree = "<group>";
		};
		6FF3B6812137CB3800F8A5E2 /* Categories */ = {
			isa = PBXGroup;
			children = (
				6FF3B6822137CB3800F8A5E2 /* NSBundle+SRGContentProtection.m */,
				6FF3B6832137CB3800F8A5E2 /* AVURLAsset+SRGContentProtection.h */,
				6FF3B6842137CB3800F8A5E2 /* NSBundle+SRGContentProtection.h */,
				6FF3B6852137CB3800F8A5E2 /* AVURLAsset+SRGContentProtection.m */,
			);
			path = Categories;
			sourceTree = "<group>";
		};
/* End PBXGroup section */

/* Begin PBXHeadersBuildPhase section */
		6F0EB52E20FC7F58009C02CF /* Headers */ = {
			isa = PBXHeadersBuildPhase;
			buildActionMask = 2147483647;
			files = (
				6F2E03F72150DB4700737B3C /* SRGContentProtectionConstants.h in Headers */,
				6FF3B6872137CB3800F8A5E2 /* AVURLAsset+SRGContentProtection.h in Headers */,
				6FF3B6802137CB0B00F8A5E2 /* SRGContentProtection.h in Headers */,
				6FF3B6882137CB3800F8A5E2 /* NSBundle+SRGContentProtection.h in Headers */,
			);
			runOnlyForDeploymentPostprocessing = 0;
		};
/* End PBXHeadersBuildPhase section */

/* Begin PBXNativeTarget section */
		6F0EB53020FC7F58009C02CF /* SRGContentProtection */ = {
			isa = PBXNativeTarget;
			buildConfigurationList = 6F0EB53920FC7F58009C02CF /* Build configuration list for PBXNativeTarget "SRGContentProtection" */;
			buildPhases = (
				6F0EB52C20FC7F58009C02CF /* Sources */,
				6F0EB52D20FC7F58009C02CF /* Frameworks */,
				6F0EB52E20FC7F58009C02CF /* Headers */,
				6F0EB52F20FC7F58009C02CF /* Resources */,
			);
			buildRules = (
			);
			dependencies = (
				6FF3B68B2137CD7200F8A5E2 /* PBXTargetDependency */,
			);
			name = SRGContentProtection;
			productName = SRGContentProtection;
			productReference = 6F0EB53120FC7F58009C02CF /* SRGContentProtection.framework */;
			productType = "com.apple.product-type.framework";
		};
		6FF3B6742137C77300F8A5E2 /* SRGContentProtection-resources */ = {
			isa = PBXNativeTarget;
			buildConfigurationList = 6FF3B6782137C77300F8A5E2 /* Build configuration list for PBXNativeTarget "SRGContentProtection-resources" */;
			buildPhases = (
				6FF3B6712137C77300F8A5E2 /* Sources */,
				6FF3B6722137C77300F8A5E2 /* Frameworks */,
				6FF3B6732137C77300F8A5E2 /* Resources */,
			);
			buildRules = (
			);
			dependencies = (
			);
			name = "SRGContentProtection-resources";
			productName = "SRGContentProtection-resources";
			productReference = 6FF3B6752137C77300F8A5E2 /* SRGContentProtection.bundle */;
			productType = "com.apple.product-type.bundle";
		};
/* End PBXNativeTarget section */

/* Begin PBXProject section */
		6F0EB52820FC7F58009C02CF /* Project object */ = {
			isa = PBXProject;
			attributes = {
				LastUpgradeCheck = 0940;
				ORGANIZATIONNAME = "SRG SSR";
				TargetAttributes = {
					6F0EB53020FC7F58009C02CF = {
						CreatedOnToolsVersion = 9.4;
					};
					6FF3B6742137C77300F8A5E2 = {
						CreatedOnToolsVersion = 9.4;
					};
				};
			};
			buildConfigurationList = 6F0EB52B20FC7F58009C02CF /* Build configuration list for PBXProject "SRGContentProtection" */;
			compatibilityVersion = "Xcode 9.3";
			developmentRegion = en;
			hasScannedForEncodings = 0;
			knownRegions = (
				en,
				Base,
				it,
				de,
				fr,
				rm,
			);
			mainGroup = 6F0EB52720FC7F58009C02CF;
			productRefGroup = 6F0EB53220FC7F58009C02CF /* Products */;
			projectDirPath = "";
			projectRoot = "";
			targets = (
				6F0EB53020FC7F58009C02CF /* SRGContentProtection */,
				6FF3B6742137C77300F8A5E2 /* SRGContentProtection-resources */,
			);
		};
/* End PBXProject section */

/* Begin PBXResourcesBuildPhase section */
		6F0EB52F20FC7F58009C02CF /* Resources */ = {
			isa = PBXResourcesBuildPhase;
			buildActionMask = 2147483647;
			files = (
				6FF3B68C2137CD7500F8A5E2 /* SRGContentProtection.bundle in Resources */,
			);
			runOnlyForDeploymentPostprocessing = 0;
		};
		6FF3B6732137C77300F8A5E2 /* Resources */ = {
			isa = PBXResourcesBuildPhase;
			buildActionMask = 2147483647;
			files = (
			);
			runOnlyForDeploymentPostprocessing = 0;
		};
/* End PBXResourcesBuildPhase section */

/* Begin PBXSourcesBuildPhase section */
		6F0EB52C20FC7F58009C02CF /* Sources */ = {
			isa = PBXSourcesBuildPhase;
			buildActionMask = 2147483647;
			files = (
				6FF3B6862137CB3800F8A5E2 /* NSBundle+SRGContentProtection.m in Sources */,
				6F2E03F62150DB4700737B3C /* SRGContentProtectionConstants.m in Sources */,
				6FF3B67F2137CB0B00F8A5E2 /* SRGContentProtection.m in Sources */,
				6FF3B6892137CB3800F8A5E2 /* AVURLAsset+SRGContentProtection.m in Sources */,
			);
			runOnlyForDeploymentPostprocessing = 0;
		};
		6FF3B6712137C77300F8A5E2 /* Sources */ = {
			isa = PBXSourcesBuildPhase;
			buildActionMask = 2147483647;
			files = (
			);
			runOnlyForDeploymentPostprocessing = 0;
		};
/* End PBXSourcesBuildPhase section */

/* Begin PBXTargetDependency section */
		6FF3B68B2137CD7200F8A5E2 /* PBXTargetDependency */ = {
			isa = PBXTargetDependency;
			target = 6FF3B6742137C77300F8A5E2 /* SRGContentProtection-resources */;
			targetProxy = 6FF3B68A2137CD7200F8A5E2 /* PBXContainerItemProxy */;
		};
/* End PBXTargetDependency section */

/* Begin XCBuildConfiguration section */
		6F0C98DA2121E14000073AB6 /* Debug-static */ = {
			isa = XCBuildConfiguration;
			buildSettings = {
				ALWAYS_SEARCH_USER_PATHS = NO;
				CLANG_ANALYZER_NONNULL = YES;
				CLANG_ANALYZER_NUMBER_OBJECT_CONVERSION = YES_AGGRESSIVE;
				CLANG_CXX_LANGUAGE_STANDARD = "gnu++14";
				CLANG_CXX_LIBRARY = "libc++";
				CLANG_ENABLE_MODULES = YES;
				CLANG_ENABLE_OBJC_ARC = YES;
				CLANG_ENABLE_OBJC_WEAK = YES;
				CLANG_WARN_BLOCK_CAPTURE_AUTORELEASING = YES;
				CLANG_WARN_BOOL_CONVERSION = YES;
				CLANG_WARN_COMMA = YES;
				CLANG_WARN_CONSTANT_CONVERSION = YES;
				CLANG_WARN_DEPRECATED_OBJC_IMPLEMENTATIONS = YES;
				CLANG_WARN_DIRECT_OBJC_ISA_USAGE = YES_ERROR;
				CLANG_WARN_DOCUMENTATION_COMMENTS = YES;
				CLANG_WARN_EMPTY_BODY = YES;
				CLANG_WARN_ENUM_CONVERSION = YES;
				CLANG_WARN_INFINITE_RECURSION = YES;
				CLANG_WARN_INT_CONVERSION = YES;
				CLANG_WARN_NON_LITERAL_NULL_CONVERSION = YES;
				CLANG_WARN_OBJC_IMPLICIT_RETAIN_SELF = YES;
				CLANG_WARN_OBJC_LITERAL_CONVERSION = YES;
				CLANG_WARN_OBJC_ROOT_CLASS = YES_ERROR;
				CLANG_WARN_RANGE_LOOP_ANALYSIS = YES;
				CLANG_WARN_STRICT_PROTOTYPES = YES;
				CLANG_WARN_SUSPICIOUS_MOVE = YES;
				CLANG_WARN_UNGUARDED_AVAILABILITY = YES_AGGRESSIVE;
				CLANG_WARN_UNREACHABLE_CODE = YES;
				CLANG_WARN__DUPLICATE_METHOD_MATCH = YES;
				CODE_SIGN_IDENTITY = "iPhone Developer";
				COPY_PHASE_STRIP = NO;
				CURRENT_PROJECT_VERSION = 1;
				DEBUG_INFORMATION_FORMAT = dwarf;
				DYLIB_COMPATIBILITY_VERSION = 1;
				DYLIB_CURRENT_VERSION = 1;
				ENABLE_STRICT_OBJC_MSGSEND = YES;
				ENABLE_TESTABILITY = YES;
				GCC_C_LANGUAGE_STANDARD = gnu11;
				GCC_DYNAMIC_NO_PIC = NO;
				GCC_NO_COMMON_BLOCKS = YES;
				GCC_OPTIMIZATION_LEVEL = 0;
				GCC_PREPROCESSOR_DEFINITIONS = (
					"DEBUG=1",
					"$(inherited)",
				);
				GCC_WARN_64_TO_32_BIT_CONVERSION = YES;
				GCC_WARN_ABOUT_RETURN_TYPE = YES_ERROR;
				GCC_WARN_UNDECLARED_SELECTOR = YES;
				GCC_WARN_UNINITIALIZED_AUTOS = YES_AGGRESSIVE;
				GCC_WARN_UNUSED_FUNCTION = YES;
				GCC_WARN_UNUSED_VARIABLE = YES;
				IPHONEOS_DEPLOYMENT_TARGET = 9.0;
				MARKETING_VERSION = 1.0.2;
				MTL_ENABLE_DEBUG_INFO = YES;
				ONLY_ACTIVE_ARCH = YES;
				SDKROOT = iphoneos;
				TARGETED_DEVICE_FAMILY = "1,2";
			};
			name = "Debug-static";
		};
		6F0C98DB2121E14000073AB6 /* Debug-static */ = {
			isa = XCBuildConfiguration;
			buildSettings = {
				APPLICATION_EXTENSION_API_ONLY = YES;
				CLANG_ENABLE_CODE_COVERAGE = NO;
				CODE_SIGN_IDENTITY = "";
				CODE_SIGN_STYLE = Automatic;
				DEFINES_MODULE = YES;
				DYLIB_COMPATIBILITY_VERSION = 1;
				DYLIB_INSTALL_NAME_BASE = "@rpath";
				INFOPLIST_FILE = Framework/Info.plist;
				INSTALL_PATH = "$(LOCAL_LIBRARY_DIR)/Frameworks";
				LD_RUNPATH_SEARCH_PATHS = (
					"$(inherited)",
					"@executable_path/Frameworks",
					"@loader_path/Frameworks",
				);
				MACH_O_TYPE = staticlib;
				PRODUCT_BUNDLE_IDENTIFIER = ch.srgssr.SRGContentProtection;
				PRODUCT_NAME = "$(TARGET_NAME:c99extidentifier)";
				SKIP_INSTALL = YES;
			};
			name = "Debug-static";
		};
		6F0C98DE2121E14600073AB6 /* Release-static */ = {
			isa = XCBuildConfiguration;
			buildSettings = {
				ALWAYS_SEARCH_USER_PATHS = NO;
				CLANG_ANALYZER_NONNULL = YES;
				CLANG_ANALYZER_NUMBER_OBJECT_CONVERSION = YES_AGGRESSIVE;
				CLANG_CXX_LANGUAGE_STANDARD = "gnu++14";
				CLANG_CXX_LIBRARY = "libc++";
				CLANG_ENABLE_MODULES = YES;
				CLANG_ENABLE_OBJC_ARC = YES;
				CLANG_ENABLE_OBJC_WEAK = YES;
				CLANG_WARN_BLOCK_CAPTURE_AUTORELEASING = YES;
				CLANG_WARN_BOOL_CONVERSION = YES;
				CLANG_WARN_COMMA = YES;
				CLANG_WARN_CONSTANT_CONVERSION = YES;
				CLANG_WARN_DEPRECATED_OBJC_IMPLEMENTATIONS = YES;
				CLANG_WARN_DIRECT_OBJC_ISA_USAGE = YES_ERROR;
				CLANG_WARN_DOCUMENTATION_COMMENTS = YES;
				CLANG_WARN_EMPTY_BODY = YES;
				CLANG_WARN_ENUM_CONVERSION = YES;
				CLANG_WARN_INFINITE_RECURSION = YES;
				CLANG_WARN_INT_CONVERSION = YES;
				CLANG_WARN_NON_LITERAL_NULL_CONVERSION = YES;
				CLANG_WARN_OBJC_IMPLICIT_RETAIN_SELF = YES;
				CLANG_WARN_OBJC_LITERAL_CONVERSION = YES;
				CLANG_WARN_OBJC_ROOT_CLASS = YES_ERROR;
				CLANG_WARN_RANGE_LOOP_ANALYSIS = YES;
				CLANG_WARN_STRICT_PROTOTYPES = YES;
				CLANG_WARN_SUSPICIOUS_MOVE = YES;
				CLANG_WARN_UNGUARDED_AVAILABILITY = YES_AGGRESSIVE;
				CLANG_WARN_UNREACHABLE_CODE = YES;
				CLANG_WARN__DUPLICATE_METHOD_MATCH = YES;
				CODE_SIGN_IDENTITY = "iPhone Developer";
				COPY_PHASE_STRIP = NO;
				CURRENT_PROJECT_VERSION = 1;
				DEBUG_INFORMATION_FORMAT = "dwarf-with-dsym";
				DYLIB_COMPATIBILITY_VERSION = 1;
				DYLIB_CURRENT_VERSION = 1;
				ENABLE_NS_ASSERTIONS = NO;
				ENABLE_STRICT_OBJC_MSGSEND = YES;
				GCC_C_LANGUAGE_STANDARD = gnu11;
				GCC_NO_COMMON_BLOCKS = YES;
				GCC_WARN_64_TO_32_BIT_CONVERSION = YES;
				GCC_WARN_ABOUT_RETURN_TYPE = YES_ERROR;
				GCC_WARN_UNDECLARED_SELECTOR = YES;
				GCC_WARN_UNINITIALIZED_AUTOS = YES_AGGRESSIVE;
				GCC_WARN_UNUSED_FUNCTION = YES;
				GCC_WARN_UNUSED_VARIABLE = YES;
				IPHONEOS_DEPLOYMENT_TARGET = 9.0;
				MARKETING_VERSION = 1.0.2;
				MTL_ENABLE_DEBUG_INFO = NO;
				SDKROOT = iphoneos;
				TARGETED_DEVICE_FAMILY = "1,2";
				VALIDATE_PRODUCT = YES;
			};
			name = "Release-static";
		};
		6F0C98DF2121E14600073AB6 /* Release-static */ = {
			isa = XCBuildConfiguration;
			buildSettings = {
				APPLICATION_EXTENSION_API_ONLY = YES;
				CLANG_ENABLE_CODE_COVERAGE = NO;
				CODE_SIGN_IDENTITY = "";
				CODE_SIGN_STYLE = Automatic;
				DEFINES_MODULE = YES;
				DYLIB_COMPATIBILITY_VERSION = 1;
				DYLIB_INSTALL_NAME_BASE = "@rpath";
				INFOPLIST_FILE = Framework/Info.plist;
				INSTALL_PATH = "$(LOCAL_LIBRARY_DIR)/Frameworks";
				LD_RUNPATH_SEARCH_PATHS = (
					"$(inherited)",
					"@executable_path/Frameworks",
					"@loader_path/Frameworks",
				);
				MACH_O_TYPE = staticlib;
				PRODUCT_BUNDLE_IDENTIFIER = ch.srgssr.SRGContentProtection;
				PRODUCT_NAME = "$(TARGET_NAME:c99extidentifier)";
				SKIP_INSTALL = YES;
			};
			name = "Release-static";
		};
		6F0EB53720FC7F58009C02CF /* Debug */ = {
			isa = XCBuildConfiguration;
			buildSettings = {
				ALWAYS_SEARCH_USER_PATHS = NO;
				CLANG_ANALYZER_NONNULL = YES;
				CLANG_ANALYZER_NUMBER_OBJECT_CONVERSION = YES_AGGRESSIVE;
				CLANG_CXX_LANGUAGE_STANDARD = "gnu++14";
				CLANG_CXX_LIBRARY = "libc++";
				CLANG_ENABLE_MODULES = YES;
				CLANG_ENABLE_OBJC_ARC = YES;
				CLANG_ENABLE_OBJC_WEAK = YES;
				CLANG_WARN_BLOCK_CAPTURE_AUTORELEASING = YES;
				CLANG_WARN_BOOL_CONVERSION = YES;
				CLANG_WARN_COMMA = YES;
				CLANG_WARN_CONSTANT_CONVERSION = YES;
				CLANG_WARN_DEPRECATED_OBJC_IMPLEMENTATIONS = YES;
				CLANG_WARN_DIRECT_OBJC_ISA_USAGE = YES_ERROR;
				CLANG_WARN_DOCUMENTATION_COMMENTS = YES;
				CLANG_WARN_EMPTY_BODY = YES;
				CLANG_WARN_ENUM_CONVERSION = YES;
				CLANG_WARN_INFINITE_RECURSION = YES;
				CLANG_WARN_INT_CONVERSION = YES;
				CLANG_WARN_NON_LITERAL_NULL_CONVERSION = YES;
				CLANG_WARN_OBJC_IMPLICIT_RETAIN_SELF = YES;
				CLANG_WARN_OBJC_LITERAL_CONVERSION = YES;
				CLANG_WARN_OBJC_ROOT_CLASS = YES_ERROR;
				CLANG_WARN_RANGE_LOOP_ANALYSIS = YES;
				CLANG_WARN_STRICT_PROTOTYPES = YES;
				CLANG_WARN_SUSPICIOUS_MOVE = YES;
				CLANG_WARN_UNGUARDED_AVAILABILITY = YES_AGGRESSIVE;
				CLANG_WARN_UNREACHABLE_CODE = YES;
				CLANG_WARN__DUPLICATE_METHOD_MATCH = YES;
				CODE_SIGN_IDENTITY = "iPhone Developer";
				COPY_PHASE_STRIP = NO;
				CURRENT_PROJECT_VERSION = 1;
				DEBUG_INFORMATION_FORMAT = dwarf;
				DYLIB_COMPATIBILITY_VERSION = 1;
				DYLIB_CURRENT_VERSION = 1;
				ENABLE_STRICT_OBJC_MSGSEND = YES;
				ENABLE_TESTABILITY = YES;
				GCC_C_LANGUAGE_STANDARD = gnu11;
				GCC_DYNAMIC_NO_PIC = NO;
				GCC_NO_COMMON_BLOCKS = YES;
				GCC_OPTIMIZATION_LEVEL = 0;
				GCC_PREPROCESSOR_DEFINITIONS = (
					"DEBUG=1",
					"$(inherited)",
				);
				GCC_WARN_64_TO_32_BIT_CONVERSION = YES;
				GCC_WARN_ABOUT_RETURN_TYPE = YES_ERROR;
				GCC_WARN_UNDECLARED_SELECTOR = YES;
				GCC_WARN_UNINITIALIZED_AUTOS = YES_AGGRESSIVE;
				GCC_WARN_UNUSED_FUNCTION = YES;
				GCC_WARN_UNUSED_VARIABLE = YES;
				IPHONEOS_DEPLOYMENT_TARGET = 9.0;
				MARKETING_VERSION = 1.0.2;
				MTL_ENABLE_DEBUG_INFO = YES;
				ONLY_ACTIVE_ARCH = YES;
				SDKROOT = iphoneos;
				TARGETED_DEVICE_FAMILY = "1,2";
			};
			name = Debug;
		};
		6F0EB53820FC7F58009C02CF /* Release */ = {
			isa = XCBuildConfiguration;
			buildSettings = {
				ALWAYS_SEARCH_USER_PATHS = NO;
				CLANG_ANALYZER_NONNULL = YES;
				CLANG_ANALYZER_NUMBER_OBJECT_CONVERSION = YES_AGGRESSIVE;
				CLANG_CXX_LANGUAGE_STANDARD = "gnu++14";
				CLANG_CXX_LIBRARY = "libc++";
				CLANG_ENABLE_MODULES = YES;
				CLANG_ENABLE_OBJC_ARC = YES;
				CLANG_ENABLE_OBJC_WEAK = YES;
				CLANG_WARN_BLOCK_CAPTURE_AUTORELEASING = YES;
				CLANG_WARN_BOOL_CONVERSION = YES;
				CLANG_WARN_COMMA = YES;
				CLANG_WARN_CONSTANT_CONVERSION = YES;
				CLANG_WARN_DEPRECATED_OBJC_IMPLEMENTATIONS = YES;
				CLANG_WARN_DIRECT_OBJC_ISA_USAGE = YES_ERROR;
				CLANG_WARN_DOCUMENTATION_COMMENTS = YES;
				CLANG_WARN_EMPTY_BODY = YES;
				CLANG_WARN_ENUM_CONVERSION = YES;
				CLANG_WARN_INFINITE_RECURSION = YES;
				CLANG_WARN_INT_CONVERSION = YES;
				CLANG_WARN_NON_LITERAL_NULL_CONVERSION = YES;
				CLANG_WARN_OBJC_IMPLICIT_RETAIN_SELF = YES;
				CLANG_WARN_OBJC_LITERAL_CONVERSION = YES;
				CLANG_WARN_OBJC_ROOT_CLASS = YES_ERROR;
				CLANG_WARN_RANGE_LOOP_ANALYSIS = YES;
				CLANG_WARN_STRICT_PROTOTYPES = YES;
				CLANG_WARN_SUSPICIOUS_MOVE = YES;
				CLANG_WARN_UNGUARDED_AVAILABILITY = YES_AGGRESSIVE;
				CLANG_WARN_UNREACHABLE_CODE = YES;
				CLANG_WARN__DUPLICATE_METHOD_MATCH = YES;
				CODE_SIGN_IDENTITY = "iPhone Developer";
				COPY_PHASE_STRIP = NO;
				CURRENT_PROJECT_VERSION = 1;
				DEBUG_INFORMATION_FORMAT = "dwarf-with-dsym";
				DYLIB_COMPATIBILITY_VERSION = 1;
				DYLIB_CURRENT_VERSION = 1;
				ENABLE_NS_ASSERTIONS = NO;
				ENABLE_STRICT_OBJC_MSGSEND = YES;
				GCC_C_LANGUAGE_STANDARD = gnu11;
				GCC_NO_COMMON_BLOCKS = YES;
				GCC_WARN_64_TO_32_BIT_CONVERSION = YES;
				GCC_WARN_ABOUT_RETURN_TYPE = YES_ERROR;
				GCC_WARN_UNDECLARED_SELECTOR = YES;
				GCC_WARN_UNINITIALIZED_AUTOS = YES_AGGRESSIVE;
				GCC_WARN_UNUSED_FUNCTION = YES;
				GCC_WARN_UNUSED_VARIABLE = YES;
				IPHONEOS_DEPLOYMENT_TARGET = 9.0;
				MARKETING_VERSION = 1.0.2;
				MTL_ENABLE_DEBUG_INFO = NO;
				SDKROOT = iphoneos;
				TARGETED_DEVICE_FAMILY = "1,2";
				VALIDATE_PRODUCT = YES;
			};
			name = Release;
		};
		6F0EB53A20FC7F58009C02CF /* Debug */ = {
			isa = XCBuildConfiguration;
			buildSettings = {
				APPLICATION_EXTENSION_API_ONLY = YES;
				CODE_SIGN_IDENTITY = "";
				CODE_SIGN_STYLE = Automatic;
				DEFINES_MODULE = YES;
				DYLIB_COMPATIBILITY_VERSION = 1;
				DYLIB_INSTALL_NAME_BASE = "@rpath";
				INFOPLIST_FILE = Framework/Info.plist;
				INSTALL_PATH = "$(LOCAL_LIBRARY_DIR)/Frameworks";
				LD_RUNPATH_SEARCH_PATHS = (
					"$(inherited)",
					"@executable_path/Frameworks",
					"@loader_path/Frameworks",
				);
				PRODUCT_BUNDLE_IDENTIFIER = ch.srgssr.SRGContentProtection;
				PRODUCT_NAME = "$(TARGET_NAME:c99extidentifier)";
				SKIP_INSTALL = YES;
			};
			name = Debug;
		};
		6F0EB53B20FC7F58009C02CF /* Release */ = {
			isa = XCBuildConfiguration;
			buildSettings = {
				APPLICATION_EXTENSION_API_ONLY = YES;
				CODE_SIGN_IDENTITY = "";
				CODE_SIGN_STYLE = Automatic;
				DEFINES_MODULE = YES;
				DYLIB_COMPATIBILITY_VERSION = 1;
				DYLIB_INSTALL_NAME_BASE = "@rpath";
				INFOPLIST_FILE = Framework/Info.plist;
				INSTALL_PATH = "$(LOCAL_LIBRARY_DIR)/Frameworks";
				LD_RUNPATH_SEARCH_PATHS = (
					"$(inherited)",
					"@executable_path/Frameworks",
					"@loader_path/Frameworks",
				);
				PRODUCT_BUNDLE_IDENTIFIER = ch.srgssr.SRGContentProtection;
				PRODUCT_NAME = "$(TARGET_NAME:c99extidentifier)";
				SKIP_INSTALL = YES;
			};
			name = Release;
		};
		6FF3B6792137C77300F8A5E2 /* Debug */ = {
			isa = XCBuildConfiguration;
			buildSettings = {
				CODE_SIGN_IDENTITY = "-";
				CODE_SIGN_STYLE = Automatic;
				INFOPLIST_FILE = Framework/Resources/Info.plist;
				INSTALL_PATH = "$(LOCAL_LIBRARY_DIR)/Bundles";
				PRODUCT_BUNDLE_IDENTIFIER = "ch.srgssr.SRGContentProtection-resources";
				PRODUCT_NAME = SRGContentProtection;
				SKIP_INSTALL = YES;
				WRAPPER_EXTENSION = bundle;
			};
			name = Debug;
		};
		6FF3B67A2137C77300F8A5E2 /* Debug-static */ = {
			isa = XCBuildConfiguration;
			buildSettings = {
				CODE_SIGN_IDENTITY = "-";
				CODE_SIGN_STYLE = Automatic;
				INFOPLIST_FILE = Framework/Resources/Info.plist;
				INSTALL_PATH = "$(LOCAL_LIBRARY_DIR)/Bundles";
				PRODUCT_BUNDLE_IDENTIFIER = "ch.srgssr.SRGContentProtection-resources";
				PRODUCT_NAME = SRGContentProtection;
				SKIP_INSTALL = YES;
				WRAPPER_EXTENSION = bundle;
			};
			name = "Debug-static";
		};
		6FF3B67B2137C77300F8A5E2 /* Release */ = {
			isa = XCBuildConfiguration;
			buildSettings = {
				CODE_SIGN_IDENTITY = "-";
				CODE_SIGN_STYLE = Automatic;
				INFOPLIST_FILE = Framework/Resources/Info.plist;
				INSTALL_PATH = "$(LOCAL_LIBRARY_DIR)/Bundles";
				PRODUCT_BUNDLE_IDENTIFIER = "ch.srgssr.SRGContentProtection-resources";
				PRODUCT_NAME = SRGContentProtection;
				SKIP_INSTALL = YES;
				WRAPPER_EXTENSION = bundle;
			};
			name = Release;
		};
		6FF3B67C2137C77300F8A5E2 /* Release-static */ = {
			isa = XCBuildConfiguration;
			buildSettings = {
				CODE_SIGN_IDENTITY = "-";
				CODE_SIGN_STYLE = Automatic;
				INFOPLIST_FILE = Framework/Resources/Info.plist;
				INSTALL_PATH = "$(LOCAL_LIBRARY_DIR)/Bundles";
				PRODUCT_BUNDLE_IDENTIFIER = "ch.srgssr.SRGContentProtection-resources";
				PRODUCT_NAME = SRGContentProtection;
				SKIP_INSTALL = YES;
				WRAPPER_EXTENSION = bundle;
			};
			name = "Release-static";
		};
/* End XCBuildConfiguration section */

/* Begin XCConfigurationList section */
		6F0EB52B20FC7F58009C02CF /* Build configuration list for PBXProject "SRGContentProtection" */ = {
			isa = XCConfigurationList;
			buildConfigurations = (
				6F0EB53720FC7F58009C02CF /* Debug */,
				6F0C98DA2121E14000073AB6 /* Debug-static */,
				6F0EB53820FC7F58009C02CF /* Release */,
				6F0C98DE2121E14600073AB6 /* Release-static */,
			);
			defaultConfigurationIsVisible = 0;
			defaultConfigurationName = Release;
		};
		6F0EB53920FC7F58009C02CF /* Build configuration list for PBXNativeTarget "SRGContentProtection" */ = {
			isa = XCConfigurationList;
			buildConfigurations = (
				6F0EB53A20FC7F58009C02CF /* Debug */,
				6F0C98DB2121E14000073AB6 /* Debug-static */,
				6F0EB53B20FC7F58009C02CF /* Release */,
				6F0C98DF2121E14600073AB6 /* Release-static */,
			);
			defaultConfigurationIsVisible = 0;
			defaultConfigurationName = Release;
		};
		6FF3B6782137C77300F8A5E2 /* Build configuration list for PBXNativeTarget "SRGContentProtection-resources" */ = {
			isa = XCConfigurationList;
			buildConfigurations = (
				6FF3B6792137C77300F8A5E2 /* Debug */,
				6FF3B67A2137C77300F8A5E2 /* Debug-static */,
				6FF3B67B2137C77300F8A5E2 /* Release */,
				6FF3B67C2137C77300F8A5E2 /* Release-static */,
			);
			defaultConfigurationIsVisible = 0;
			defaultConfigurationName = Release;
		};
/* End XCConfigurationList section */
	};
	rootObject = 6F0EB52820FC7F58009C02CF /* Project object */;
}
